
Microsoft Visual Studio Solution File, Format Version 12.00
# Visual Studio Version 17
VisualStudioVersion = 17.10.34928.147
MinimumVisualStudioVersion = 10.0.40219.1
Project("{FAE04EC0-301F-11D3-BF4B-00C04F79EFBC}") = "RoleBased", "RoleBased\RoleBased.csproj", "{C4502EB4-5191-4046-9FAA-52C7592E9D20}"
EndProject
Global
	GlobalSection(SolutionConfigurationPlatforms) = preSolution
		Debug|Any CPU = Debug|Any CPU
		Release|Any CPU = Release|Any CPU
	EndGlobalSection
	GlobalSection(ProjectConfigurationPlatforms) = postSolution
		{C4502EB4-5191-4046-9FAA-52C7592E9D20}.Debug|Any CPU.ActiveCfg = Debug|Any CPU
		{C4502EB4-5191-4046-9FAA-52C7592E9D20}.Debug|Any CPU.Build.0 = Debug|Any CPU
		{C4502EB4-5191-4046-9FAA-52C7592E9D20}.Release|Any CPU.ActiveCfg = Release|Any CPU
		{C4502EB4-5191-4046-9FAA-52C7592E9D20}.Release|Any CPU.Build.0 = Release|Any CPU
	EndGlobalSection
	GlobalSection(SolutionProperties) = preSolution
		HideSolutionNode = FALSE
	EndGlobalSection
	GlobalSection(ExtensibilityGlobals) = postSolution
		SolutionGuid = {BC80D56D-2F13-4166-93BE-4424F2469FAB}
	EndGlobalSection
EndGlobal
